
Microsoft Visual Studio Solution File, Format Version 12.00
# Visual Studio 2013
VisualStudioVersion = 12.0.30110.0
MinimumVisualStudioVersion = 10.0.40219.1
Project("{FAE04EC0-301F-11D3-BF4B-00C04F79EFBC}") = "ng-bundle-web", "ng-bundle-web\ng-bundle-web.csproj", "{9F17151B-D867-4E74-994A-F40F3434AD7A}"
EndProject
Project("{FAE04EC0-301F-11D3-BF4B-00C04F79EFBC}") = "ng-bundle", "ng-bundle\ng-bundle.csproj", "{0BB00718-9CDE-4869-BED5-22F069EBF103}"
EndProject
Project("{2150E333-8FDC-42A3-9474-1A3956D46DE8}") = "Solution Items", "Solution Items", "{5512E2ED-5CBA-4403-BA78-4916DD6CB1FB}"
	ProjectSection(SolutionItems) = preProject
		.gitignore = .gitignore
		README.md = README.md
	EndProjectSection
EndProject
Global
	GlobalSection(SolutionConfigurationPlatforms) = preSolution
		Debug|Any CPU = Debug|Any CPU
		Release|Any CPU = Release|Any CPU
	EndGlobalSection
	GlobalSection(ProjectConfigurationPlatforms) = postSolution
		{9F17151B-D867-4E74-994A-F40F3434AD7A}.Debug|Any CPU.ActiveCfg = Debug|Any CPU
		{9F17151B-D867-4E74-994A-F40F3434AD7A}.Debug|Any CPU.Build.0 = Debug|Any CPU
		{9F17151B-D867-4E74-994A-F40F3434AD7A}.Release|Any CPU.ActiveCfg = Release|Any CPU
		{9F17151B-D867-4E74-994A-F40F3434AD7A}.Release|Any CPU.Build.0 = Release|Any CPU
		{0BB00718-9CDE-4869-BED5-22F069EBF103}.Debug|Any CPU.ActiveCfg = Debug|Any CPU
		{0BB00718-9CDE-4869-BED5-22F069EBF103}.Debug|Any CPU.Build.0 = Debug|Any CPU
		{0BB00718-9CDE-4869-BED5-22F069EBF103}.Release|Any CPU.ActiveCfg = Release|Any CPU
		{0BB00718-9CDE-4869-BED5-22F069EBF103}.Release|Any CPU.Build.0 = Release|Any CPU
	EndGlobalSection
	GlobalSection(SolutionProperties) = preSolution
		HideSolutionNode = FALSE
	EndGlobalSection
EndGlobal
